
Microsoft Visual Studio Solution File, Format Version 12.00
# Visual Studio Version 17
VisualStudioVersion = 17.7.34221.43
MinimumVisualStudioVersion = 10.0.40219.1
Project("{9A19103F-16F7-4668-BE54-9A1E7A4F7556}") = "Day1", "Day1\Day1.csproj", "{777B5C09-3C2A-47FD-9F2F-136E683AF728}"
EndProject
Project("{9A19103F-16F7-4668-BE54-9A1E7A4F7556}") = "Day2", "Day2\Day2.csproj", "{AF721A23-F039-4830-941E-EA535C2FFF95}"
EndProject
Project("{9A19103F-16F7-4668-BE54-9A1E7A4F7556}") = "Day3", "Day3\Day3.csproj", "{D2D91AEB-DC09-4E2D-9520-A5F41596EC43}"
EndProject
Project("{9A19103F-16F7-4668-BE54-9A1E7A4F7556}") = "Day4", "Day4\Day4.csproj", "{530AC48F-E8BD-46B4-A006-145E511956EA}"
EndProject
Project("{FAE04EC0-301F-11D3-BF4B-00C04F79EFBC}") = "Day5", "Day5\Day5.csproj", "{BD524067-3EB8-42AA-BC23-179C97E2430E}"
EndProject
Project("{FAE04EC0-301F-11D3-BF4B-00C04F79EFBC}") = "Day6", "Day6\Day6.csproj", "{E2DD896A-626F-4EE5-821F-96710351587B}"
EndProject
Project("{FAE04EC0-301F-11D3-BF4B-00C04F79EFBC}") = "Day7", "Day7\Day7.csproj", "{4F3245EE-7927-4469-83AB-0279F9F5BB8F}"
EndProject
Project("{FAE04EC0-301F-11D3-BF4B-00C04F79EFBC}") = "Day8", "Day8\Day8.csproj", "{F2294E15-1141-402E-95D1-D92D1E67372A}"
EndProject
Project("{FAE04EC0-301F-11D3-BF4B-00C04F79EFBC}") = "Day9", "Day9\Day9.csproj", "{8FDBAD32-4667-467D-A393-9573B656C83A}"
EndProject
Project("{FAE04EC0-301F-11D3-BF4B-00C04F79EFBC}") = "Day10", "Day10\Day10.csproj", "{EF9CAA95-5D45-443B-B1F0-6026969EA265}"
EndProject
Global
	GlobalSection(SolutionConfigurationPlatforms) = preSolution
		Debug|Any CPU = Debug|Any CPU
		Release|Any CPU = Release|Any CPU
	EndGlobalSection
	GlobalSection(ProjectConfigurationPlatforms) = postSolution
		{777B5C09-3C2A-47FD-9F2F-136E683AF728}.Debug|Any CPU.ActiveCfg = Debug|Any CPU
		{777B5C09-3C2A-47FD-9F2F-136E683AF728}.Debug|Any CPU.Build.0 = Debug|Any CPU
		{777B5C09-3C2A-47FD-9F2F-136E683AF728}.Release|Any CPU.ActiveCfg = Release|Any CPU
		{777B5C09-3C2A-47FD-9F2F-136E683AF728}.Release|Any CPU.Build.0 = Release|Any CPU
		{AF721A23-F039-4830-941E-EA535C2FFF95}.Debug|Any CPU.ActiveCfg = Debug|Any CPU
		{AF721A23-F039-4830-941E-EA535C2FFF95}.Debug|Any CPU.Build.0 = Debug|Any CPU
		{AF721A23-F039-4830-941E-EA535C2FFF95}.Release|Any CPU.ActiveCfg = Release|Any CPU
		{AF721A23-F039-4830-941E-EA535C2FFF95}.Release|Any CPU.Build.0 = Release|Any CPU
		{D2D91AEB-DC09-4E2D-9520-A5F41596EC43}.Debug|Any CPU.ActiveCfg = Debug|Any CPU
		{D2D91AEB-DC09-4E2D-9520-A5F41596EC43}.Debug|Any CPU.Build.0 = Debug|Any CPU
		{D2D91AEB-DC09-4E2D-9520-A5F41596EC43}.Release|Any CPU.ActiveCfg = Release|Any CPU
		{D2D91AEB-DC09-4E2D-9520-A5F41596EC43}.Release|Any CPU.Build.0 = Release|Any CPU
		{530AC48F-E8BD-46B4-A006-145E511956EA}.Debug|Any CPU.ActiveCfg = Debug|Any CPU
		{530AC48F-E8BD-46B4-A006-145E511956EA}.Debug|Any CPU.Build.0 = Debug|Any CPU
		{530AC48F-E8BD-46B4-A006-145E511956EA}.Release|Any CPU.ActiveCfg = Release|Any CPU
		{530AC48F-E8BD-46B4-A006-145E511956EA}.Release|Any CPU.Build.0 = Release|Any CPU
		{BD524067-3EB8-42AA-BC23-179C97E2430E}.Debug|Any CPU.ActiveCfg = Debug|Any CPU
		{BD524067-3EB8-42AA-BC23-179C97E2430E}.Debug|Any CPU.Build.0 = Debug|Any CPU
		{BD524067-3EB8-42AA-BC23-179C97E2430E}.Release|Any CPU.ActiveCfg = Release|Any CPU
		{BD524067-3EB8-42AA-BC23-179C97E2430E}.Release|Any CPU.Build.0 = Release|Any CPU
		{E2DD896A-626F-4EE5-821F-96710351587B}.Debug|Any CPU.ActiveCfg = Debug|Any CPU
		{E2DD896A-626F-4EE5-821F-96710351587B}.Debug|Any CPU.Build.0 = Debug|Any CPU
		{E2DD896A-626F-4EE5-821F-96710351587B}.Release|Any CPU.ActiveCfg = Release|Any CPU
		{E2DD896A-626F-4EE5-821F-96710351587B}.Release|Any CPU.Build.0 = Release|Any CPU
		{4F3245EE-7927-4469-83AB-0279F9F5BB8F}.Debug|Any CPU.ActiveCfg = Debug|Any CPU
		{4F3245EE-7927-4469-83AB-0279F9F5BB8F}.Debug|Any CPU.Build.0 = Debug|Any CPU
		{4F3245EE-7927-4469-83AB-0279F9F5BB8F}.Release|Any CPU.ActiveCfg = Release|Any CPU
		{4F3245EE-7927-4469-83AB-0279F9F5BB8F}.Release|Any CPU.Build.0 = Release|Any CPU
		{F2294E15-1141-402E-95D1-D92D1E67372A}.Debug|Any CPU.ActiveCfg = Debug|Any CPU
		{F2294E15-1141-402E-95D1-D92D1E67372A}.Debug|Any CPU.Build.0 = Debug|Any CPU
		{F2294E15-1141-402E-95D1-D92D1E67372A}.Release|Any CPU.ActiveCfg = Release|Any CPU
		{F2294E15-1141-402E-95D1-D92D1E67372A}.Release|Any CPU.Build.0 = Release|Any CPU
		{8FDBAD32-4667-467D-A393-9573B656C83A}.Debug|Any CPU.ActiveCfg = Debug|Any CPU
		{8FDBAD32-4667-467D-A393-9573B656C83A}.Debug|Any CPU.Build.0 = Debug|Any CPU
		{8FDBAD32-4667-467D-A393-9573B656C83A}.Release|Any CPU.ActiveCfg = Release|Any CPU
		{8FDBAD32-4667-467D-A393-9573B656C83A}.Release|Any CPU.Build.0 = Release|Any CPU
		{EF9CAA95-5D45-443B-B1F0-6026969EA265}.Debug|Any CPU.ActiveCfg = Debug|Any CPU
		{EF9CAA95-5D45-443B-B1F0-6026969EA265}.Debug|Any CPU.Build.0 = Debug|Any CPU
		{EF9CAA95-5D45-443B-B1F0-6026969EA265}.Release|Any CPU.ActiveCfg = Release|Any CPU
		{EF9CAA95-5D45-443B-B1F0-6026969EA265}.Release|Any CPU.Build.0 = Release|Any CPU
	EndGlobalSection
	GlobalSection(SolutionProperties) = preSolution
		HideSolutionNode = FALSE
	EndGlobalSection
	GlobalSection(ExtensibilityGlobals) = postSolution
		SolutionGuid = {35DA0224-2FB4-4629-99EC-9E57519742E1}
	EndGlobalSection
EndGlobal
